
Microsoft Visual Studio Solution File, Format Version 12.00
# Visual Studio Version 16
VisualStudioVersion = 16.0.30621.155
MinimumVisualStudioVersion = 10.0.40219.1
Project("{FAE04EC0-301F-11D3-BF4B-00C04F79EFBC}") = "SF_8_Results_Task_3", "SF_8_Results_Task_3.csproj", "{BC79A74E-9BE1-4D6C-94C1-6B9A71A91A1F}"
EndProject
Global
	GlobalSection(SolutionConfigurationPlatforms) = preSolution
		Debug|Any CPU = Debug|Any CPU
		Release|Any CPU = Release|Any CPU
	EndGlobalSection
	GlobalSection(ProjectConfigurationPlatforms) = postSolution
		{BC79A74E-9BE1-4D6C-94C1-6B9A71A91A1F}.Debug|Any CPU.ActiveCfg = Debug|Any CPU
		{BC79A74E-9BE1-4D6C-94C1-6B9A71A91A1F}.Debug|Any CPU.Build.0 = Debug|Any CPU
		{BC79A74E-9BE1-4D6C-94C1-6B9A71A91A1F}.Release|Any CPU.ActiveCfg = Release|Any CPU
		{BC79A74E-9BE1-4D6C-94C1-6B9A71A91A1F}.Release|Any CPU.Build.0 = Release|Any CPU
	EndGlobalSection
	GlobalSection(SolutionProperties) = preSolution
		HideSolutionNode = FALSE
	EndGlobalSection
	GlobalSection(ExtensibilityGlobals) = postSolution
		SolutionGuid = {F7DC2A17-9602-47D7-A435-26904D69246E}
	EndGlobalSection
EndGlobal
